// !$*UTF8*$!
{
	archiveVersion = 1;
	classes = {
	};
	objectVersion = 46;
	objects = {

/* Begin PBXBuildFile section */
		D50E1DE918D84E82004BF4B2 /* l_db.m in Sources */ = {isa = PBXBuildFile; fileRef = D50E1DD718D84E82004BF4B2 /* l_db.m */; settings = {COMPILER_FLAGS = "-w"; }; };
		D50E1DEA18D84E82004BF4B2 /* l_db.m in Sources */ = {isa = PBXBuildFile; fileRef = D50E1DD718D84E82004BF4B2 /* l_db.m */; settings = {COMPILER_FLAGS = "-w"; }; };
		D50E1DEB18D84E82004BF4B2 /* l_log.m in Sources */ = {isa = PBXBuildFile; fileRef = D50E1DD818D84E82004BF4B2 /* l_log.m */; settings = {COMPILER_FLAGS = "-w"; }; };
		D50E1DEC18D84E82004BF4B2 /* l_log.m in Sources */ = {isa = PBXBuildFile; fileRef = D50E1DD818D84E82004BF4B2 /* l_log.m */; settings = {COMPILER_FLAGS = "-w"; }; };
		D50E1DED18D84E82004BF4B2 /* l_main.m in Sources */ = {isa = PBXBuildFile; fileRef = D50E1DD918D84E82004BF4B2 /* l_main.m */; settings = {COMPILER_FLAGS = "-w"; }; };
		D50E1DEE18D84E82004BF4B2 /* l_main.m in Sources */ = {isa = PBXBuildFile; fileRef = D50E1DD918D84E82004BF4B2 /* l_main.m */; settings = {COMPILER_FLAGS = "-w"; }; };
		D50E1DEF18D84E82004BF4B2 /* l_types.m in Sources */ = {isa = PBXBuildFile; fileRef = D50E1DDA18D84E82004BF4B2 /* l_types.m */; settings = {COMPILER_FLAGS = "-w"; }; };
		D50E1DF018D84E82004BF4B2 /* l_types.m in Sources */ = {isa = PBXBuildFile; fileRef = D50E1DDA18D84E82004BF4B2 /* l_types.m */; settings = {COMPILER_FLAGS = "-w"; }; };
		D50E1DF118D84E82004BF4B2 /* n_global.m in Sources */ = {isa = PBXBuildFile; fileRef = D50E1DDC18D84E82004BF4B2 /* n_global.m */; settings = {COMPILER_FLAGS = "-w"; }; };
		D50E1DF218D84E82004BF4B2 /* n_global.m in Sources */ = {isa = PBXBuildFile; fileRef = D50E1DDC18D84E82004BF4B2 /* n_global.m */; settings = {COMPILER_FLAGS = "-w"; }; };
		D50E1DF318D84E82004BF4B2 /* stdlib_db_sqlite.m in Sources */ = {isa = PBXBuildFile; fileRef = D50E1DDE18D84E82004BF4B2 /* stdlib_db_sqlite.m */; settings = {COMPILER_FLAGS = "-w"; }; };
		D50E1DF418D84E82004BF4B2 /* stdlib_db_sqlite.m in Sources */ = {isa = PBXBuildFile; fileRef = D50E1DDE18D84E82004BF4B2 /* stdlib_db_sqlite.m */; settings = {COMPILER_FLAGS = "-w"; }; };
		D50E1DF518D84E82004BF4B2 /* stdlib_lexbase.m in Sources */ = {isa = PBXBuildFile; fileRef = D50E1DDF18D84E82004BF4B2 /* stdlib_lexbase.m */; settings = {COMPILER_FLAGS = "-w"; }; };
		D50E1DF618D84E82004BF4B2 /* stdlib_lexbase.m in Sources */ = {isa = PBXBuildFile; fileRef = D50E1DDF18D84E82004BF4B2 /* stdlib_lexbase.m */; settings = {COMPILER_FLAGS = "-w"; }; };
		D50E1DF718D84E82004BF4B2 /* stdlib_os.m in Sources */ = {isa = PBXBuildFile; fileRef = D50E1DE018D84E82004BF4B2 /* stdlib_os.m */; settings = {COMPILER_FLAGS = "-w"; }; };
		D50E1DF818D84E82004BF4B2 /* stdlib_os.m in Sources */ = {isa = PBXBuildFile; fileRef = D50E1DE018D84E82004BF4B2 /* stdlib_os.m */; settings = {COMPILER_FLAGS = "-w"; }; };
		D50E1DF918D84E82004BF4B2 /* stdlib_parsecsv.m in Sources */ = {isa = PBXBuildFile; fileRef = D50E1DE118D84E82004BF4B2 /* stdlib_parsecsv.m */; settings = {COMPILER_FLAGS = "-w"; }; };
		D50E1DFA18D84E82004BF4B2 /* stdlib_parsecsv.m in Sources */ = {isa = PBXBuildFile; fileRef = D50E1DE118D84E82004BF4B2 /* stdlib_parsecsv.m */; settings = {COMPILER_FLAGS = "-w"; }; };
		D50E1DFB18D84E82004BF4B2 /* stdlib_parseutils.m in Sources */ = {isa = PBXBuildFile; fileRef = D50E1DE218D84E82004BF4B2 /* stdlib_parseutils.m */; settings = {COMPILER_FLAGS = "-w"; }; };
		D50E1DFC18D84E82004BF4B2 /* stdlib_parseutils.m in Sources */ = {isa = PBXBuildFile; fileRef = D50E1DE218D84E82004BF4B2 /* stdlib_parseutils.m */; settings = {COMPILER_FLAGS = "-w"; }; };
		D50E1DFD18D84E82004BF4B2 /* stdlib_posix.m in Sources */ = {isa = PBXBuildFile; fileRef = D50E1DE318D84E82004BF4B2 /* stdlib_posix.m */; settings = {COMPILER_FLAGS = "-w"; }; };
		D50E1DFE18D84E82004BF4B2 /* stdlib_posix.m in Sources */ = {isa = PBXBuildFile; fileRef = D50E1DE318D84E82004BF4B2 /* stdlib_posix.m */; settings = {COMPILER_FLAGS = "-w"; }; };
		D50E1DFF18D84E82004BF4B2 /* stdlib_sqlite3.m in Sources */ = {isa = PBXBuildFile; fileRef = D50E1DE418D84E82004BF4B2 /* stdlib_sqlite3.m */; settings = {COMPILER_FLAGS = "-w"; }; };
		D50E1E0018D84E82004BF4B2 /* stdlib_sqlite3.m in Sources */ = {isa = PBXBuildFile; fileRef = D50E1DE418D84E82004BF4B2 /* stdlib_sqlite3.m */; settings = {COMPILER_FLAGS = "-w"; }; };
		D50E1E0118D84E82004BF4B2 /* stdlib_streams.m in Sources */ = {isa = PBXBuildFile; fileRef = D50E1DE518D84E82004BF4B2 /* stdlib_streams.m */; settings = {COMPILER_FLAGS = "-w"; }; };
		D50E1E0218D84E82004BF4B2 /* stdlib_streams.m in Sources */ = {isa = PBXBuildFile; fileRef = D50E1DE518D84E82004BF4B2 /* stdlib_streams.m */; settings = {COMPILER_FLAGS = "-w"; }; };
		D50E1E0318D84E82004BF4B2 /* stdlib_strutils.m in Sources */ = {isa = PBXBuildFile; fileRef = D50E1DE618D84E82004BF4B2 /* stdlib_strutils.m */; settings = {COMPILER_FLAGS = "-w"; }; };
		D50E1E0418D84E82004BF4B2 /* stdlib_strutils.m in Sources */ = {isa = PBXBuildFile; fileRef = D50E1DE618D84E82004BF4B2 /* stdlib_strutils.m */; settings = {COMPILER_FLAGS = "-w"; }; };
		D50E1E0518D84E82004BF4B2 /* stdlib_system.m in Sources */ = {isa = PBXBuildFile; fileRef = D50E1DE718D84E82004BF4B2 /* stdlib_system.m */; settings = {COMPILER_FLAGS = "-w"; }; };
		D50E1E0618D84E82004BF4B2 /* stdlib_system.m in Sources */ = {isa = PBXBuildFile; fileRef = D50E1DE718D84E82004BF4B2 /* stdlib_system.m */; settings = {COMPILER_FLAGS = "-w"; }; };
		D50E1E0718D84E82004BF4B2 /* stdlib_times.m in Sources */ = {isa = PBXBuildFile; fileRef = D50E1DE818D84E82004BF4B2 /* stdlib_times.m */; settings = {COMPILER_FLAGS = "-w"; }; };
		D50E1E0818D84E82004BF4B2 /* stdlib_times.m in Sources */ = {isa = PBXBuildFile; fileRef = D50E1DE818D84E82004BF4B2 /* stdlib_times.m */; settings = {COMPILER_FLAGS = "-w"; }; };
		D52E74CD18C50F6E00A8B6F1 /* EHApp_delegate.m in Sources */ = {isa = PBXBuildFile; fileRef = D533F81B18B6650200A7FFC3 /* EHApp_delegate.m */; };
		D52E74D418C50F6E00A8B6F1 /* RHPreferencesWindowController.m in Sources */ = {isa = PBXBuildFile; fileRef = D5AD7DA118BD14A1005F4865 /* RHPreferencesWindowController.m */; settings = {COMPILER_FLAGS = "-fno-objc-arc"; }; };
		D52E74D718C50F6E00A8B6F1 /* EHRoot_vc.m in Sources */ = {isa = PBXBuildFile; fileRef = D5318A5D18BBB745001FD6C0 /* EHRoot_vc.m */; };
		D52E74D918C50F6E00A8B6F1 /* main.m in Sources */ = {isa = PBXBuildFile; fileRef = D533F81C18B6650200A7FFC3 /* main.m */; };
		D52E74DC18C50F6E00A8B6F1 /* EHProgress_vc.m in Sources */ = {isa = PBXBuildFile; fileRef = D5FCD4A218C1401600D7783B /* EHProgress_vc.m */; };
		D52E74E318C50F6E00A8B6F1 /* EHModify_vc.m in Sources */ = {isa = PBXBuildFile; fileRef = D5318A7018BC03DC001FD6C0 /* EHModify_vc.m */; };
		D52E74E918C50F6E00A8B6F1 /* Cocoa.framework in Frameworks */ = {isa = PBXBuildFile; fileRef = D533F7E518B662CB00A7FFC3 /* Cocoa.framework */; };
		D52E74EC18C50F6E00A8B6F1 /* EHPref_units_vc.xib in Resources */ = {isa = PBXBuildFile; fileRef = D5AD7DAB18BD4021005F4865 /* EHPref_units_vc.xib */; };
		D52E74ED18C50F6E00A8B6F1 /* html in Resources */ = {isa = PBXBuildFile; fileRef = D5AD7DBB18BD5300005F4865 /* html */; };
		D52E74EE18C50F6E00A8B6F1 /* RHPreferencesWindow.xib in Resources */ = {isa = PBXBuildFile; fileRef = D5AD7D9F18BD14A1005F4865 /* RHPreferencesWindow.xib */; };
		D52E74EF18C50F6E00A8B6F1 /* contact_logo@2x.png in Resources */ = {isa = PBXBuildFile; fileRef = D58A7A4818BE07D30005752B /* contact_logo@2x.png */; };
		D52E74F018C50F6E00A8B6F1 /* InfoPlist.strings in Resources */ = {isa = PBXBuildFile; fileRef = D533F7EE18B662CB00A7FFC3 /* InfoPlist.strings */; };
		D52E74F118C50F6E00A8B6F1 /* Credits.html in Resources */ = {isa = PBXBuildFile; fileRef = D58A7A3D18BDECC20005752B /* Credits.html */; };
		D52E74F218C50F6E00A8B6F1 /* EHRoot_vc.xib in Resources */ = {isa = PBXBuildFile; fileRef = D5318A6018BBBEBE001FD6C0 /* EHRoot_vc.xib */; };
		D52E74F318C50F6E00A8B6F1 /* contact_logo.png in Resources */ = {isa = PBXBuildFile; fileRef = D58A7A4718BE07D30005752B /* contact_logo.png */; };
		D52E74F418C50F6E00A8B6F1 /* EHModify_vc.xib in Resources */ = {isa = PBXBuildFile; fileRef = D5318A7418BC0798001FD6C0 /* EHModify_vc.xib */; };
		D52E74F518C50F6E00A8B6F1 /* Seohtracker.help in Resources */ = {isa = PBXBuildFile; fileRef = D58A7A4B18BE4A280005752B /* Seohtracker.help */; };
		D52E74F618C50F6E00A8B6F1 /* EHProgress_vc.xib in Resources */ = {isa = PBXBuildFile; fileRef = D5FCD49F18C13CA600D7783B /* EHProgress_vc.xib */; };
		D52E74F718C50F6E00A8B6F1 /* MainMenu.xib in Resources */ = {isa = PBXBuildFile; fileRef = D533F7FA18B662CB00A7FFC3 /* MainMenu.xib */; };
		D52E74FE18C512A200A8B6F1 /* seohtracker.icns in Resources */ = {isa = PBXBuildFile; fileRef = D58A7A4118BDFD390005752B /* seohtracker.icns */; };
		D5318A5E18BBB745001FD6C0 /* EHRoot_vc.m in Sources */ = {isa = PBXBuildFile; fileRef = D5318A5D18BBB745001FD6C0 /* EHRoot_vc.m */; };
		D5318A6118BBBEBE001FD6C0 /* EHRoot_vc.xib in Resources */ = {isa = PBXBuildFile; fileRef = D5318A6018BBBEBE001FD6C0 /* EHRoot_vc.xib */; };
		D5318A7218BC03DC001FD6C0 /* EHModify_vc.m in Sources */ = {isa = PBXBuildFile; fileRef = D5318A7018BC03DC001FD6C0 /* EHModify_vc.m */; };
		D5318A7518BC0798001FD6C0 /* EHModify_vc.xib in Resources */ = {isa = PBXBuildFile; fileRef = D5318A7418BC0798001FD6C0 /* EHModify_vc.xib */; };
		D533E63B1916D7E2006AEA66 /* QuartzCore.framework in Frameworks */ = {isa = PBXBuildFile; fileRef = D533E63A1916D7E2006AEA66 /* QuartzCore.framework */; };
		D533E63C1916D7FD006AEA66 /* QuartzCore.framework in Frameworks */ = {isa = PBXBuildFile; fileRef = D533E63A1916D7E2006AEA66 /* QuartzCore.framework */; };
		D533F7E618B662CB00A7FFC3 /* Cocoa.framework in Frameworks */ = {isa = PBXBuildFile; fileRef = D533F7E518B662CB00A7FFC3 /* Cocoa.framework */; };
		D533F7F018B662CB00A7FFC3 /* InfoPlist.strings in Resources */ = {isa = PBXBuildFile; fileRef = D533F7EE18B662CB00A7FFC3 /* InfoPlist.strings */; };
		D533F7FC18B662CB00A7FFC3 /* MainMenu.xib in Resources */ = {isa = PBXBuildFile; fileRef = D533F7FA18B662CB00A7FFC3 /* MainMenu.xib */; };
		D533F81E18B6650200A7FFC3 /* EHApp_delegate.m in Sources */ = {isa = PBXBuildFile; fileRef = D533F81B18B6650200A7FFC3 /* EHApp_delegate.m */; };
		D533F81F18B6650200A7FFC3 /* main.m in Sources */ = {isa = PBXBuildFile; fileRef = D533F81C18B6650200A7FFC3 /* main.m */; };
		D53F6D8B18C735A600BBF8D5 /* AnalyticsEvent.m in Sources */ = {isa = PBXBuildFile; fileRef = D53F6D8818C735A600BBF8D5 /* AnalyticsEvent.m */; };
		D53F6D8C18C735A600BBF8D5 /* AnalyticsEvent.m in Sources */ = {isa = PBXBuildFile; fileRef = D53F6D8818C735A600BBF8D5 /* AnalyticsEvent.m */; };
		D53F6D8D18C735A600BBF8D5 /* AnalyticsHelper.m in Sources */ = {isa = PBXBuildFile; fileRef = D53F6D8A18C735A600BBF8D5 /* AnalyticsHelper.m */; };
		D53F6D8E18C735A600BBF8D5 /* AnalyticsHelper.m in Sources */ = {isa = PBXBuildFile; fileRef = D53F6D8A18C735A600BBF8D5 /* AnalyticsHelper.m */; };
		D54FDD0018D4727E005083DB /* NSObject+seohyun.m in Sources */ = {isa = PBXBuildFile; fileRef = D54FDCFF18D4727E005083DB /* NSObject+seohyun.m */; };
		D54FDD0118D4727E005083DB /* NSObject+seohyun.m in Sources */ = {isa = PBXBuildFile; fileRef = D54FDCFF18D4727E005083DB /* NSObject+seohyun.m */; };
		D554515018D32E7D00BD4D7D /* NSString+seohyun.m in Sources */ = {isa = PBXBuildFile; fileRef = D554514518D32E7D00BD4D7D /* NSString+seohyun.m */; };
		D554515118D32E7D00BD4D7D /* NSString+seohyun.m in Sources */ = {isa = PBXBuildFile; fileRef = D554514518D32E7D00BD4D7D /* NSString+seohyun.m */; };
		D554515218D32E7D00BD4D7D /* formatters.m in Sources */ = {isa = PBXBuildFile; fileRef = D554514718D32E7D00BD4D7D /* formatters.m */; };
		D554515318D32E7D00BD4D7D /* formatters.m in Sources */ = {isa = PBXBuildFile; fileRef = D554514718D32E7D00BD4D7D /* formatters.m */; };
		D554515818D32E7D00BD4D7D /* SHNotifications.m in Sources */ = {isa = PBXBuildFile; fileRef = D554514D18D32E7D00BD4D7D /* SHNotifications.m */; };
		D554515918D32E7D00BD4D7D /* SHNotifications.m in Sources */ = {isa = PBXBuildFile; fileRef = D554514D18D32E7D00BD4D7D /* SHNotifications.m */; };
		D554515A18D32E7D00BD4D7D /* user_config.m in Sources */ = {isa = PBXBuildFile; fileRef = D554514F18D32E7D00BD4D7D /* user_config.m */; };
		D554515B18D32E7D00BD4D7D /* user_config.m in Sources */ = {isa = PBXBuildFile; fileRef = D554514F18D32E7D00BD4D7D /* user_config.m */; };
		D5683E4A18C6390800D92F0A /* EHBannerButton.m in Sources */ = {isa = PBXBuildFile; fileRef = D5683E4918C6390800D92F0A /* EHBannerButton.m */; };
		D5683E4B18C6390800D92F0A /* EHBannerButton.m in Sources */ = {isa = PBXBuildFile; fileRef = D5683E4918C6390800D92F0A /* EHBannerButton.m */; };
		D5683E4E18C6456300D92F0A /* ad_banner_0.jpg in Resources */ = {isa = PBXBuildFile; fileRef = D5683E4C18C6456300D92F0A /* ad_banner_0.jpg */; };
		D5683E4F18C6456300D92F0A /* ad_banner_0.jpg in Resources */ = {isa = PBXBuildFile; fileRef = D5683E4C18C6456300D92F0A /* ad_banner_0.jpg */; };
		D5683E5018C6456300D92F0A /* ad_banner_0@2x.jpg in Resources */ = {isa = PBXBuildFile; fileRef = D5683E4D18C6456300D92F0A /* ad_banner_0@2x.jpg */; };
		D5683E5118C6456300D92F0A /* ad_banner_0@2x.jpg in Resources */ = {isa = PBXBuildFile; fileRef = D5683E4D18C6456300D92F0A /* ad_banner_0@2x.jpg */; };
		D5683E5418C6499100D92F0A /* ad_banner_1.jpg in Resources */ = {isa = PBXBuildFile; fileRef = D5683E5218C6499100D92F0A /* ad_banner_1.jpg */; };
		D5683E5518C6499100D92F0A /* ad_banner_1.jpg in Resources */ = {isa = PBXBuildFile; fileRef = D5683E5218C6499100D92F0A /* ad_banner_1.jpg */; };
		D5683E5618C6499100D92F0A /* ad_banner_1@2x.jpg in Resources */ = {isa = PBXBuildFile; fileRef = D5683E5318C6499100D92F0A /* ad_banner_1@2x.jpg */; };
		D5683E5718C6499100D92F0A /* ad_banner_1@2x.jpg in Resources */ = {isa = PBXBuildFile; fileRef = D5683E5318C6499100D92F0A /* ad_banner_1@2x.jpg */; };
		D5683E5A18C64DBB00D92F0A /* ad_banner_2.jpg in Resources */ = {isa = PBXBuildFile; fileRef = D5683E5818C64DBB00D92F0A /* ad_banner_2.jpg */; };
		D5683E5B18C64DBB00D92F0A /* ad_banner_2.jpg in Resources */ = {isa = PBXBuildFile; fileRef = D5683E5818C64DBB00D92F0A /* ad_banner_2.jpg */; };
		D5683E5C18C64DBB00D92F0A /* ad_banner_2@2x.jpg in Resources */ = {isa = PBXBuildFile; fileRef = D5683E5918C64DBB00D92F0A /* ad_banner_2@2x.jpg */; };
		D5683E5D18C64DBB00D92F0A /* ad_banner_2@2x.jpg in Resources */ = {isa = PBXBuildFile; fileRef = D5683E5918C64DBB00D92F0A /* ad_banner_2@2x.jpg */; };
		D5683E6018C650DB00D92F0A /* ad_banner_3.jpg in Resources */ = {isa = PBXBuildFile; fileRef = D5683E5E18C650DB00D92F0A /* ad_banner_3.jpg */; };
		D5683E6118C650DB00D92F0A /* ad_banner_3.jpg in Resources */ = {isa = PBXBuildFile; fileRef = D5683E5E18C650DB00D92F0A /* ad_banner_3.jpg */; };
		D5683E6218C650DB00D92F0A /* ad_banner_3@2x.jpg in Resources */ = {isa = PBXBuildFile; fileRef = D5683E5F18C650DB00D92F0A /* ad_banner_3@2x.jpg */; };
		D5683E6318C650DB00D92F0A /* ad_banner_3@2x.jpg in Resources */ = {isa = PBXBuildFile; fileRef = D5683E5F18C650DB00D92F0A /* ad_banner_3@2x.jpg */; };
		D5683E6618C653BE00D92F0A /* ad_banner_4.jpg in Resources */ = {isa = PBXBuildFile; fileRef = D5683E6418C653BE00D92F0A /* ad_banner_4.jpg */; };
		D5683E6718C653BE00D92F0A /* ad_banner_4.jpg in Resources */ = {isa = PBXBuildFile; fileRef = D5683E6418C653BE00D92F0A /* ad_banner_4.jpg */; };
		D5683E6818C653BE00D92F0A /* ad_banner_4@2x.jpg in Resources */ = {isa = PBXBuildFile; fileRef = D5683E6518C653BE00D92F0A /* ad_banner_4@2x.jpg */; };
		D5683E6918C653BE00D92F0A /* ad_banner_4@2x.jpg in Resources */ = {isa = PBXBuildFile; fileRef = D5683E6518C653BE00D92F0A /* ad_banner_4@2x.jpg */; };
		D58A7A3E18BDECC20005752B /* Credits.html in Resources */ = {isa = PBXBuildFile; fileRef = D58A7A3D18BDECC20005752B /* Credits.html */; };
		D58A7A4518BE06050005752B /* seohtracker.icns in Resources */ = {isa = PBXBuildFile; fileRef = D58A7A4418BE06050005752B /* seohtracker.icns */; };
		D58A7A4918BE07D30005752B /* contact_logo.png in Resources */ = {isa = PBXBuildFile; fileRef = D58A7A4718BE07D30005752B /* contact_logo.png */; };
		D58A7A4A18BE07D30005752B /* contact_logo@2x.png in Resources */ = {isa = PBXBuildFile; fileRef = D58A7A4818BE07D30005752B /* contact_logo@2x.png */; };
		D58A7A4C18BE4A280005752B /* Seohtracker.help in Resources */ = {isa = PBXBuildFile; fileRef = D58A7A4B18BE4A280005752B /* Seohtracker.help */; };
		D58F1C1E191ABD3A00DAE4F7 /* NSBezierPath+Seohtracker.m in Sources */ = {isa = PBXBuildFile; fileRef = D58F1C1B191ABD3A00DAE4F7 /* NSBezierPath+Seohtracker.m */; };
		D58F1C1F191ABD3A00DAE4F7 /* NSBezierPath+Seohtracker.m in Sources */ = {isa = PBXBuildFile; fileRef = D58F1C1B191ABD3A00DAE4F7 /* NSBezierPath+Seohtracker.m */; };
		D58F1C22191ABE7D00DAE4F7 /* EHGraph_scroll.m in Sources */ = {isa = PBXBuildFile; fileRef = D58F1C21191ABE7D00DAE4F7 /* EHGraph_scroll.m */; };
		D58F1C23191ABE7D00DAE4F7 /* EHGraph_scroll.m in Sources */ = {isa = PBXBuildFile; fileRef = D58F1C21191ABE7D00DAE4F7 /* EHGraph_scroll.m */; };
		D5AD7DA418BD14A1005F4865 /* RHPreferencesWindow.xib in Resources */ = {isa = PBXBuildFile; fileRef = D5AD7D9F18BD14A1005F4865 /* RHPreferencesWindow.xib */; };
		D5AD7DA518BD14A1005F4865 /* RHPreferencesWindowController.m in Sources */ = {isa = PBXBuildFile; fileRef = D5AD7DA118BD14A1005F4865 /* RHPreferencesWindowController.m */; settings = {COMPILER_FLAGS = "-fno-objc-arc"; }; };
		D5AD7DAC18BD4021005F4865 /* EHPref_units_vc.xib in Resources */ = {isa = PBXBuildFile; fileRef = D5AD7DAB18BD4021005F4865 /* EHPref_units_vc.xib */; };
		D5AD7DBC18BD5300005F4865 /* html in Resources */ = {isa = PBXBuildFile; fileRef = D5AD7DBB18BD5300005F4865 /* html */; };
		D5D7BAB7191EB21D00B2AEF9 /* l_graph.m in Sources */ = {isa = PBXBuildFile; fileRef = D5D7BAB6191EB21D00B2AEF9 /* l_graph.m */; };
		D5D7BAB8191EB21D00B2AEF9 /* l_graph.m in Sources */ = {isa = PBXBuildFile; fileRef = D5D7BAB6191EB21D00B2AEF9 /* l_graph.m */; };
		D5D7BABA191EB22900B2AEF9 /* stdlib_math.m in Sources */ = {isa = PBXBuildFile; fileRef = D5D7BAB9191EB22900B2AEF9 /* stdlib_math.m */; };
		D5D7BABB191EB22900B2AEF9 /* stdlib_math.m in Sources */ = {isa = PBXBuildFile; fileRef = D5D7BAB9191EB22900B2AEF9 /* stdlib_math.m */; };
		D5E1B2C518E39B290078A2EC /* ELHASO.m in Sources */ = {isa = PBXBuildFile; fileRef = D5E1B2C018E39B290078A2EC /* ELHASO.m */; settings = {COMPILER_FLAGS = "-fno-objc-arc"; }; };
		D5E1B2C618E39B290078A2EC /* ELHASO.m in Sources */ = {isa = PBXBuildFile; fileRef = D5E1B2C018E39B290078A2EC /* ELHASO.m */; settings = {COMPILER_FLAGS = "-fno-objc-arc"; }; };
		D5E1B2C718E39B290078A2EC /* NSArray+ELHASO.m in Sources */ = {isa = PBXBuildFile; fileRef = D5E1B2C218E39B290078A2EC /* NSArray+ELHASO.m */; settings = {COMPILER_FLAGS = "-fno-objc-arc"; }; };
		D5E1B2C818E39B290078A2EC /* NSArray+ELHASO.m in Sources */ = {isa = PBXBuildFile; fileRef = D5E1B2C218E39B290078A2EC /* NSArray+ELHASO.m */; settings = {COMPILER_FLAGS = "-fno-objc-arc"; }; };
		D5E1B2C918E39B290078A2EC /* NSNotificationCenter+ELHASO.m in Sources */ = {isa = PBXBuildFile; fileRef = D5E1B2C418E39B290078A2EC /* NSNotificationCenter+ELHASO.m */; settings = {COMPILER_FLAGS = "-fno-objc-arc"; }; };
		D5E1B2CA18E39B290078A2EC /* NSNotificationCenter+ELHASO.m in Sources */ = {isa = PBXBuildFile; fileRef = D5E1B2C418E39B290078A2EC /* NSNotificationCenter+ELHASO.m */; settings = {COMPILER_FLAGS = "-fno-objc-arc"; }; };
		D5EC54511927D13300F999CF /* EHPref_units_vc.m in Sources */ = {isa = PBXBuildFile; fileRef = D5EC54501927D13300F999CF /* EHPref_units_vc.m */; };
		D5EC54521927D13300F999CF /* EHPref_units_vc.m in Sources */ = {isa = PBXBuildFile; fileRef = D5EC54501927D13300F999CF /* EHPref_units_vc.m */; };
		D5EC54541927D1DB00F999CF /* EHPref_tracking_vc.xib in Resources */ = {isa = PBXBuildFile; fileRef = D5EC54531927D1DB00F999CF /* EHPref_tracking_vc.xib */; };
		D5EC54551927D1DB00F999CF /* EHPref_tracking_vc.xib in Resources */ = {isa = PBXBuildFile; fileRef = D5EC54531927D1DB00F999CF /* EHPref_tracking_vc.xib */; };
		D5EC54581927D1E600F999CF /* EHPref_tracking_vc.m in Sources */ = {isa = PBXBuildFile; fileRef = D5EC54571927D1E500F999CF /* EHPref_tracking_vc.m */; };
		D5EC54591927D1E600F999CF /* EHPref_tracking_vc.m in Sources */ = {isa = PBXBuildFile; fileRef = D5EC54571927D1E500F999CF /* EHPref_tracking_vc.m */; };
		D5FCD4A018C13CA600D7783B /* EHProgress_vc.xib in Resources */ = {isa = PBXBuildFile; fileRef = D5FCD49F18C13CA600D7783B /* EHProgress_vc.xib */; };
		D5FCD4A318C1401600D7783B /* EHProgress_vc.m in Sources */ = {isa = PBXBuildFile; fileRef = D5FCD4A218C1401600D7783B /* EHProgress_vc.m */; };
/* End PBXBuildFile section */

/* Begin PBXContainerItemProxy section */
		D52E74CA18C50F6E00A8B6F1 /* PBXContainerItemProxy */ = {
			isa = PBXContainerItemProxy;
			containerPortal = D533F7DA18B662CB00A7FFC3 /* Project object */;
			proxyType = 1;
			remoteGlobalIDString = D533F82418B6719800A7FFC3;
			remoteInfo = "compile nimrod";
		};
		D533F82818B671AF00A7FFC3 /* PBXContainerItemProxy */ = {
			isa = PBXContainerItemProxy;
			containerPortal = D533F7DA18B662CB00A7FFC3 /* Project object */;
			proxyType = 1;
			remoteGlobalIDString = D533F82418B6719800A7FFC3;
			remoteInfo = "compile nimrod";
		};
/* End PBXContainerItemProxy section */

/* Begin PBXFileReference section */
		D50E1DD718D84E82004BF4B2 /* l_db.m */ = {isa = PBXFileReference; fileEncoding = 4; lastKnownFileType = sourcecode.c.objc; path = l_db.m; sourceTree = "<group>"; };
		D50E1DD818D84E82004BF4B2 /* l_log.m */ = {isa = PBXFileReference; fileEncoding = 4; lastKnownFileType = sourcecode.c.objc; path = l_log.m; sourceTree = "<group>"; };
		D50E1DD918D84E82004BF4B2 /* l_main.m */ = {isa = PBXFileReference; fileEncoding = 4; lastKnownFileType = sourcecode.c.objc; path = l_main.m; sourceTree = "<group>"; };
		D50E1DDA18D84E82004BF4B2 /* l_types.m */ = {isa = PBXFileReference; fileEncoding = 4; lastKnownFileType = sourcecode.c.objc; path = l_types.m; sourceTree = "<group>"; };
		D50E1DDB18D84E82004BF4B2 /* n_global.h */ = {isa = PBXFileReference; fileEncoding = 4; lastKnownFileType = sourcecode.c.h; path = n_global.h; sourceTree = "<group>"; };
		D50E1DDC18D84E82004BF4B2 /* n_global.m */ = {isa = PBXFileReference; fileEncoding = 4; lastKnownFileType = sourcecode.c.objc; path = n_global.m; sourceTree = "<group>"; };
		D50E1DDD18D84E82004BF4B2 /* nimbase.h */ = {isa = PBXFileReference; fileEncoding = 4; lastKnownFileType = sourcecode.c.h; path = nimbase.h; sourceTree = "<group>"; };
		D50E1DDE18D84E82004BF4B2 /* stdlib_db_sqlite.m */ = {isa = PBXFileReference; fileEncoding = 4; lastKnownFileType = sourcecode.c.objc; path = stdlib_db_sqlite.m; sourceTree = "<group>"; };
		D50E1DDF18D84E82004BF4B2 /* stdlib_lexbase.m */ = {isa = PBXFileReference; fileEncoding = 4; lastKnownFileType = sourcecode.c.objc; path = stdlib_lexbase.m; sourceTree = "<group>"; };
		D50E1DE018D84E82004BF4B2 /* stdlib_os.m */ = {isa = PBXFileReference; fileEncoding = 4; lastKnownFileType = sourcecode.c.objc; path = stdlib_os.m; sourceTree = "<group>"; };
		D50E1DE118D84E82004BF4B2 /* stdlib_parsecsv.m */ = {isa = PBXFileReference; fileEncoding = 4; lastKnownFileType = sourcecode.c.objc; path = stdlib_parsecsv.m; sourceTree = "<group>"; };
		D50E1DE218D84E82004BF4B2 /* stdlib_parseutils.m */ = {isa = PBXFileReference; fileEncoding = 4; lastKnownFileType = sourcecode.c.objc; path = stdlib_parseutils.m; sourceTree = "<group>"; };
		D50E1DE318D84E82004BF4B2 /* stdlib_posix.m */ = {isa = PBXFileReference; fileEncoding = 4; lastKnownFileType = sourcecode.c.objc; path = stdlib_posix.m; sourceTree = "<group>"; };
		D50E1DE418D84E82004BF4B2 /* stdlib_sqlite3.m */ = {isa = PBXFileReference; fileEncoding = 4; lastKnownFileType = sourcecode.c.objc; path = stdlib_sqlite3.m; sourceTree = "<group>"; };
		D50E1DE518D84E82004BF4B2 /* stdlib_streams.m */ = {isa = PBXFileReference; fileEncoding = 4; lastKnownFileType = sourcecode.c.objc; path = stdlib_streams.m; sourceTree = "<group>"; };
		D50E1DE618D84E82004BF4B2 /* stdlib_strutils.m */ = {isa = PBXFileReference; fileEncoding = 4; lastKnownFileType = sourcecode.c.objc; path = stdlib_strutils.m; sourceTree = "<group>"; };
		D50E1DE718D84E82004BF4B2 /* stdlib_system.m */ = {isa = PBXFileReference; fileEncoding = 4; lastKnownFileType = sourcecode.c.objc; path = stdlib_system.m; sourceTree = "<group>"; };
		D50E1DE818D84E82004BF4B2 /* stdlib_times.m */ = {isa = PBXFileReference; fileEncoding = 4; lastKnownFileType = sourcecode.c.objc; path = stdlib_times.m; sourceTree = "<group>"; };
		D52E74FB18C50F6E00A8B6F1 /* Seohtracker.app */ = {isa = PBXFileReference; explicitFileType = wrapper.application; includeInIndex = 0; path = Seohtracker.app; sourceTree = BUILT_PRODUCTS_DIR; };
		D52E74FC18C50F6E00A8B6F1 /* appstore-Info.plist */ = {isa = PBXFileReference; lastKnownFileType = text.plist.xml; name = "appstore-Info.plist"; path = "/Users/gradha/project/nimrod/seohyun/mac/resources/plist/appstore-Info.plist"; sourceTree = "<absolute>"; };
		D52E74FD18C5108300A8B6F1 /* appstore.entitlements */ = {isa = PBXFileReference; lastKnownFileType = text.xml; name = appstore.entitlements; path = resources/plist/appstore.entitlements; sourceTree = "<group>"; };
		D5318A5C18BBB745001FD6C0 /* EHRoot_vc.h */ = {isa = PBXFileReference; fileEncoding = 4; lastKnownFileType = sourcecode.c.h; name = EHRoot_vc.h; path = vcs/EHRoot_vc.h; sourceTree = "<group>"; };
		D5318A5D18BBB745001FD6C0 /* EHRoot_vc.m */ = {isa = PBXFileReference; fileEncoding = 4; lastKnownFileType = sourcecode.c.objc; name = EHRoot_vc.m; path = vcs/EHRoot_vc.m; sourceTree = "<group>"; };
		D5318A6018BBBEBE001FD6C0 /* EHRoot_vc.xib */ = {isa = PBXFileReference; fileEncoding = 4; lastKnownFileType = file.xib; name = EHRoot_vc.xib; path = resources/ui/EHRoot_vc.xib; sourceTree = "<group>"; };
		D5318A6F18BC03DC001FD6C0 /* EHModify_vc.h */ = {isa = PBXFileReference; fileEncoding = 4; lastKnownFileType = sourcecode.c.h; name = EHModify_vc.h; path = vcs/EHModify_vc.h; sourceTree = "<group>"; };
		D5318A7018BC03DC001FD6C0 /* EHModify_vc.m */ = {isa = PBXFileReference; fileEncoding = 4; lastKnownFileType = sourcecode.c.objc; name = EHModify_vc.m; path = vcs/EHModify_vc.m; sourceTree = "<group>"; };
		D5318A7418BC0798001FD6C0 /* EHModify_vc.xib */ = {isa = PBXFileReference; fileEncoding = 4; lastKnownFileType = file.xib; name = EHModify_vc.xib; path = resources/ui/EHModify_vc.xib; sourceTree = "<group>"; };
		D532974618B6AB330028F3AA /* devel-Info.plist */ = {isa = PBXFileReference; lastKnownFileType = text.plist.xml; name = "devel-Info.plist"; path = "resources/plist/devel-Info.plist"; sourceTree = "<group>"; };
		D532974718B6AB330028F3AA /* devel.entitlements */ = {isa = PBXFileReference; lastKnownFileType = text.xml; name = devel.entitlements; path = resources/plist/devel.entitlements; sourceTree = "<group>"; };
		D533E63A1916D7E2006AEA66 /* QuartzCore.framework */ = {isa = PBXFileReference; lastKnownFileType = wrapper.framework; name = QuartzCore.framework; path = System/Library/Frameworks/QuartzCore.framework; sourceTree = SDKROOT; };
		D533F7E218B662CB00A7FFC3 /* Seohtracker devel.app */ = {isa = PBXFileReference; explicitFileType = wrapper.application; includeInIndex = 0; path = "Seohtracker devel.app"; sourceTree = BUILT_PRODUCTS_DIR; };
		D533F7E518B662CB00A7FFC3 /* Cocoa.framework */ = {isa = PBXFileReference; lastKnownFileType = wrapper.framework; name = Cocoa.framework; path = System/Library/Frameworks/Cocoa.framework; sourceTree = SDKROOT; };
		D533F7E818B662CB00A7FFC3 /* AppKit.framework */ = {isa = PBXFileReference; lastKnownFileType = wrapper.framework; name = AppKit.framework; path = System/Library/Frameworks/AppKit.framework; sourceTree = SDKROOT; };
		D533F7EA18B662CB00A7FFC3 /* Foundation.framework */ = {isa = PBXFileReference; lastKnownFileType = wrapper.framework; name = Foundation.framework; path = System/Library/Frameworks/Foundation.framework; sourceTree = SDKROOT; };
		D533F7EF18B662CB00A7FFC3 /* en */ = {isa = PBXFileReference; lastKnownFileType = text.plist.strings; name = en; path = en.lproj/InfoPlist.strings; sourceTree = "<group>"; };
		D533F7FB18B662CB00A7FFC3 /* Base */ = {isa = PBXFileReference; lastKnownFileType = file.xib; name = Base; path = Base.lproj/MainMenu.xib; sourceTree = "<group>"; };
		D533F81A18B6650200A7FFC3 /* EHApp_delegate.h */ = {isa = PBXFileReference; fileEncoding = 4; lastKnownFileType = sourcecode.c.h; path = EHApp_delegate.h; sourceTree = "<group>"; };
		D533F81B18B6650200A7FFC3 /* EHApp_delegate.m */ = {isa = PBXFileReference; fileEncoding = 4; lastKnownFileType = sourcecode.c.objc; path = EHApp_delegate.m; sourceTree = "<group>"; };
		D533F81C18B6650200A7FFC3 /* main.m */ = {isa = PBXFileReference; fileEncoding = 4; lastKnownFileType = sourcecode.c.objc; path = main.m; sourceTree = "<group>"; };
		D533F81D18B6650200A7FFC3 /* Seohtracker-Prefix.pch */ = {isa = PBXFileReference; fileEncoding = 4; lastKnownFileType = sourcecode.c.h; path = "Seohtracker-Prefix.pch"; sourceTree = "<group>"; };
		D53F6D8718C735A600BBF8D5 /* AnalyticsEvent.h */ = {isa = PBXFileReference; fileEncoding = 4; lastKnownFileType = sourcecode.c.h; name = AnalyticsEvent.h; path = external/SimpleCocoaGoogleAnalytics/SimpleCocoaAnalytics/AnalyticsEvent.h; sourceTree = "<group>"; };
		D53F6D8818C735A600BBF8D5 /* AnalyticsEvent.m */ = {isa = PBXFileReference; fileEncoding = 4; lastKnownFileType = sourcecode.c.objc; name = AnalyticsEvent.m; path = external/SimpleCocoaGoogleAnalytics/SimpleCocoaAnalytics/AnalyticsEvent.m; sourceTree = "<group>"; };
		D53F6D8918C735A600BBF8D5 /* AnalyticsHelper.h */ = {isa = PBXFileReference; fileEncoding = 4; lastKnownFileType = sourcecode.c.h; name = AnalyticsHelper.h; path = external/SimpleCocoaGoogleAnalytics/SimpleCocoaAnalytics/AnalyticsHelper.h; sourceTree = "<group>"; };
		D53F6D8A18C735A600BBF8D5 /* AnalyticsHelper.m */ = {isa = PBXFileReference; fileEncoding = 4; lastKnownFileType = sourcecode.c.objc; name = AnalyticsHelper.m; path = external/SimpleCocoaGoogleAnalytics/SimpleCocoaAnalytics/AnalyticsHelper.m; sourceTree = "<group>"; };
		D53F6D8F18C7382F00BBF8D5 /* google_analytics_config.h */ = {isa = PBXFileReference; fileEncoding = 4; lastKnownFileType = sourcecode.c.h; path = google_analytics_config.h; sourceTree = "<group>"; };
		D54FDCFE18D4727E005083DB /* NSObject+seohyun.h */ = {isa = PBXFileReference; fileEncoding = 4; lastKnownFileType = sourcecode.c.h; path = "NSObject+seohyun.h"; sourceTree = "<group>"; };
		D54FDCFF18D4727E005083DB /* NSObject+seohyun.m */ = {isa = PBXFileReference; fileEncoding = 4; lastKnownFileType = sourcecode.c.objc; path = "NSObject+seohyun.m"; sourceTree = "<group>"; };
		D554514418D32E7D00BD4D7D /* NSString+seohyun.h */ = {isa = PBXFileReference; fileEncoding = 4; lastKnownFileType = sourcecode.c.h; path = "NSString+seohyun.h"; sourceTree = "<group>"; };
		D554514518D32E7D00BD4D7D /* NSString+seohyun.m */ = {isa = PBXFileReference; fileEncoding = 4; lastKnownFileType = sourcecode.c.objc; path = "NSString+seohyun.m"; sourceTree = "<group>"; };
		D554514618D32E7D00BD4D7D /* formatters.h */ = {isa = PBXFileReference; fileEncoding = 4; lastKnownFileType = sourcecode.c.h; path = formatters.h; sourceTree = "<group>"; };
		D554514718D32E7D00BD4D7D /* formatters.m */ = {isa = PBXFileReference; fileEncoding = 4; lastKnownFileType = sourcecode.c.objc; path = formatters.m; sourceTree = "<group>"; };
		D554514818D32E7D00BD4D7D /* n_types.h */ = {isa = PBXFileReference; fileEncoding = 4; lastKnownFileType = sourcecode.c.h; path = n_types.h; sourceTree = "<group>"; };
		D554514C18D32E7D00BD4D7D /* SHNotifications.h */ = {isa = PBXFileReference; fileEncoding = 4; lastKnownFileType = sourcecode.c.h; path = SHNotifications.h; sourceTree = "<group>"; };
		D554514D18D32E7D00BD4D7D /* SHNotifications.m */ = {isa = PBXFileReference; fileEncoding = 4; lastKnownFileType = sourcecode.c.objc; path = SHNotifications.m; sourceTree = "<group>"; };
		D554514E18D32E7D00BD4D7D /* user_config.h */ = {isa = PBXFileReference; fileEncoding = 4; lastKnownFileType = sourcecode.c.h; path = user_config.h; sourceTree = "<group>"; };
		D554514F18D32E7D00BD4D7D /* user_config.m */ = {isa = PBXFileReference; fileEncoding = 4; lastKnownFileType = sourcecode.c.objc; path = user_config.m; sourceTree = "<group>"; };
		D5683E4818C6390800D92F0A /* EHBannerButton.h */ = {isa = PBXFileReference; fileEncoding = 4; lastKnownFileType = sourcecode.c.h; path = EHBannerButton.h; sourceTree = "<group>"; };
		D5683E4918C6390800D92F0A /* EHBannerButton.m */ = {isa = PBXFileReference; fileEncoding = 4; lastKnownFileType = sourcecode.c.objc; path = EHBannerButton.m; sourceTree = "<group>"; };
		D5683E4C18C6456300D92F0A /* ad_banner_0.jpg */ = {isa = PBXFileReference; lastKnownFileType = image.jpeg; path = ad_banner_0.jpg; sourceTree = "<group>"; };
		D5683E4D18C6456300D92F0A /* ad_banner_0@2x.jpg */ = {isa = PBXFileReference; lastKnownFileType = image.jpeg; path = "ad_banner_0@2x.jpg"; sourceTree = "<group>"; };
		D5683E5218C6499100D92F0A /* ad_banner_1.jpg */ = {isa = PBXFileReference; lastKnownFileType = image.jpeg; path = ad_banner_1.jpg; sourceTree = "<group>"; };
		D5683E5318C6499100D92F0A /* ad_banner_1@2x.jpg */ = {isa = PBXFileReference; lastKnownFileType = image.jpeg; path = "ad_banner_1@2x.jpg"; sourceTree = "<group>"; };
		D5683E5818C64DBB00D92F0A /* ad_banner_2.jpg */ = {isa = PBXFileReference; lastKnownFileType = image.jpeg; path = ad_banner_2.jpg; sourceTree = "<group>"; };
		D5683E5918C64DBB00D92F0A /* ad_banner_2@2x.jpg */ = {isa = PBXFileReference; lastKnownFileType = image.jpeg; path = "ad_banner_2@2x.jpg"; sourceTree = "<group>"; };
		D5683E5E18C650DB00D92F0A /* ad_banner_3.jpg */ = {isa = PBXFileReference; lastKnownFileType = image.jpeg; path = ad_banner_3.jpg; sourceTree = "<group>"; };
		D5683E5F18C650DB00D92F0A /* ad_banner_3@2x.jpg */ = {isa = PBXFileReference; lastKnownFileType = image.jpeg; path = "ad_banner_3@2x.jpg"; sourceTree = "<group>"; };
		D5683E6418C653BE00D92F0A /* ad_banner_4.jpg */ = {isa = PBXFileReference; lastKnownFileType = image.jpeg; path = ad_banner_4.jpg; sourceTree = "<group>"; };
		D5683E6518C653BE00D92F0A /* ad_banner_4@2x.jpg */ = {isa = PBXFileReference; lastKnownFileType = image.jpeg; path = "ad_banner_4@2x.jpg"; sourceTree = "<group>"; };
		D58A7A3D18BDECC20005752B /* Credits.html */ = {isa = PBXFileReference; fileEncoding = 4; lastKnownFileType = text.html; path = Credits.html; sourceTree = "<group>"; };
		D58A7A4118BDFD390005752B /* seohtracker.icns */ = {isa = PBXFileReference; lastKnownFileType = image.icns; path = seohtracker.icns; sourceTree = "<group>"; };
		D58A7A4418BE06050005752B /* seohtracker.icns */ = {isa = PBXFileReference; lastKnownFileType = image.icns; path = seohtracker.icns; sourceTree = "<group>"; };
		D58A7A4718BE07D30005752B /* contact_logo.png */ = {isa = PBXFileReference; lastKnownFileType = image.png; path = contact_logo.png; sourceTree = "<group>"; };
		D58A7A4818BE07D30005752B /* contact_logo@2x.png */ = {isa = PBXFileReference; lastKnownFileType = image.png; path = "contact_logo@2x.png"; sourceTree = "<group>"; };
		D58A7A4B18BE4A280005752B /* Seohtracker.help */ = {isa = PBXFileReference; lastKnownFileType = folder; path = Seohtracker.help; sourceTree = "<group>"; };
		D58F1C1A191ABD3A00DAE4F7 /* NSBezierPath+Seohtracker.h */ = {isa = PBXFileReference; fileEncoding = 4; lastKnownFileType = sourcecode.c.h; path = "NSBezierPath+Seohtracker.h"; sourceTree = "<group>"; };
		D58F1C1B191ABD3A00DAE4F7 /* NSBezierPath+Seohtracker.m */ = {isa = PBXFileReference; fileEncoding = 4; lastKnownFileType = sourcecode.c.objc; path = "NSBezierPath+Seohtracker.m"; sourceTree = "<group>"; };
		D58F1C20191ABE7D00DAE4F7 /* EHGraph_scroll.h */ = {isa = PBXFileReference; fileEncoding = 4; lastKnownFileType = sourcecode.c.h; path = EHGraph_scroll.h; sourceTree = "<group>"; };
		D58F1C21191ABE7D00DAE4F7 /* EHGraph_scroll.m */ = {isa = PBXFileReference; fileEncoding = 4; lastKnownFileType = sourcecode.c.objc; path = EHGraph_scroll.m; sourceTree = "<group>"; };
		D5AD7D9E18BD14A1005F4865 /* RHPreferences.h */ = {isa = PBXFileReference; fileEncoding = 4; lastKnownFileType = sourcecode.c.h; path = RHPreferences.h; sourceTree = "<group>"; };
		D5AD7D9F18BD14A1005F4865 /* RHPreferencesWindow.xib */ = {isa = PBXFileReference; fileEncoding = 4; lastKnownFileType = file.xib; path = RHPreferencesWindow.xib; sourceTree = "<group>"; };
		D5AD7DA018BD14A1005F4865 /* RHPreferencesWindowController.h */ = {isa = PBXFileReference; fileEncoding = 4; lastKnownFileType = sourcecode.c.h; path = RHPreferencesWindowController.h; sourceTree = "<group>"; };
		D5AD7DA118BD14A1005F4865 /* RHPreferencesWindowController.m */ = {isa = PBXFileReference; fileEncoding = 4; lastKnownFileType = sourcecode.c.objc; path = RHPreferencesWindowController.m; sourceTree = "<group>"; };
		D5AD7DAB18BD4021005F4865 /* EHPref_units_vc.xib */ = {isa = PBXFileReference; fileEncoding = 4; lastKnownFileType = file.xib; name = EHPref_units_vc.xib; path = resources/ui/pref/EHPref_units_vc.xib; sourceTree = "<group>"; };
		D5AD7DBB18BD5300005F4865 /* html */ = {isa = PBXFileReference; lastKnownFileType = folder; path = html; sourceTree = "<group>"; };
		D5C5795F18E4E3A3003AD573 /* appstore_changes.h */ = {isa = PBXFileReference; fileEncoding = 4; lastKnownFileType = sourcecode.c.h; path = appstore_changes.h; sourceTree = "<group>"; };
		D5C94B2D18BFA0EC00EF34A8 /* help_defines.h */ = {isa = PBXFileReference; fileEncoding = 4; lastKnownFileType = sourcecode.c.h; path = help_defines.h; sourceTree = "<group>"; };
		D5D7BAB6191EB21D00B2AEF9 /* l_graph.m */ = {isa = PBXFileReference; fileEncoding = 4; lastKnownFileType = sourcecode.c.objc; path = l_graph.m; sourceTree = "<group>"; };
		D5D7BAB9191EB22900B2AEF9 /* stdlib_math.m */ = {isa = PBXFileReference; fileEncoding = 4; lastKnownFileType = sourcecode.c.objc; path = stdlib_math.m; sourceTree = "<group>"; };
		D5E1B2BE18E39B290078A2EC /* ELHASO-types.h */ = {isa = PBXFileReference; fileEncoding = 4; lastKnownFileType = sourcecode.c.h; name = "ELHASO-types.h"; path = "src/ELHASO-types.h"; sourceTree = "<group>"; };
		D5E1B2BF18E39B290078A2EC /* ELHASO.h */ = {isa = PBXFileReference; fileEncoding = 4; lastKnownFileType = sourcecode.c.h; name = ELHASO.h; path = src/ELHASO.h; sourceTree = "<group>"; };
		D5E1B2C018E39B290078A2EC /* ELHASO.m */ = {isa = PBXFileReference; fileEncoding = 4; lastKnownFileType = sourcecode.c.objc; name = ELHASO.m; path = src/ELHASO.m; sourceTree = "<group>"; };
		D5E1B2C118E39B290078A2EC /* NSArray+ELHASO.h */ = {isa = PBXFileReference; fileEncoding = 4; lastKnownFileType = sourcecode.c.h; name = "NSArray+ELHASO.h"; path = "src/NSArray+ELHASO.h"; sourceTree = "<group>"; };
		D5E1B2C218E39B290078A2EC /* NSArray+ELHASO.m */ = {isa = PBXFileReference; fileEncoding = 4; lastKnownFileType = sourcecode.c.objc; name = "NSArray+ELHASO.m"; path = "src/NSArray+ELHASO.m"; sourceTree = "<group>"; };
		D5E1B2C318E39B290078A2EC /* NSNotificationCenter+ELHASO.h */ = {isa = PBXFileReference; fileEncoding = 4; lastKnownFileType = sourcecode.c.h; name = "NSNotificationCenter+ELHASO.h"; path = "src/NSNotificationCenter+ELHASO.h"; sourceTree = "<group>"; };
		D5E1B2C418E39B290078A2EC /* NSNotificationCenter+ELHASO.m */ = {isa = PBXFileReference; fileEncoding = 4; lastKnownFileType = sourcecode.c.objc; name = "NSNotificationCenter+ELHASO.m"; path = "src/NSNotificationCenter+ELHASO.m"; sourceTree = "<group>"; };
		D5EC544F1927D13300F999CF /* EHPref_units_vc.h */ = {isa = PBXFileReference; fileEncoding = 4; lastKnownFileType = sourcecode.c.h; path = EHPref_units_vc.h; sourceTree = "<group>"; };
		D5EC54501927D13300F999CF /* EHPref_units_vc.m */ = {isa = PBXFileReference; fileEncoding = 4; lastKnownFileType = sourcecode.c.objc; path = EHPref_units_vc.m; sourceTree = "<group>"; };
		D5EC54531927D1DB00F999CF /* EHPref_tracking_vc.xib */ = {isa = PBXFileReference; fileEncoding = 4; lastKnownFileType = file.xib; name = EHPref_tracking_vc.xib; path = resources/ui/pref/EHPref_tracking_vc.xib; sourceTree = "<group>"; };
		D5EC54561927D1E500F999CF /* EHPref_tracking_vc.h */ = {isa = PBXFileReference; fileEncoding = 4; lastKnownFileType = sourcecode.c.h; path = EHPref_tracking_vc.h; sourceTree = "<group>"; };
		D5EC54571927D1E500F999CF /* EHPref_tracking_vc.m */ = {isa = PBXFileReference; fileEncoding = 4; lastKnownFileType = sourcecode.c.objc; path = EHPref_tracking_vc.m; sourceTree = "<group>"; };
		D5FCD49F18C13CA600D7783B /* EHProgress_vc.xib */ = {isa = PBXFileReference; fileEncoding = 4; lastKnownFileType = file.xib; name = EHProgress_vc.xib; path = resources/ui/EHProgress_vc.xib; sourceTree = "<group>"; };
		D5FCD4A118C1401600D7783B /* EHProgress_vc.h */ = {isa = PBXFileReference; fileEncoding = 4; lastKnownFileType = sourcecode.c.h; name = EHProgress_vc.h; path = vcs/EHProgress_vc.h; sourceTree = "<group>"; };
		D5FCD4A218C1401600D7783B /* EHProgress_vc.m */ = {isa = PBXFileReference; fileEncoding = 4; lastKnownFileType = sourcecode.c.objc; name = EHProgress_vc.m; path = vcs/EHProgress_vc.m; sourceTree = "<group>"; };
/* End PBXFileReference section */

/* Begin PBXFrameworksBuildPhase section */
		D52E74E818C50F6E00A8B6F1 /* Frameworks */ = {
			isa = PBXFrameworksBuildPhase;
			buildActionMask = 2147483647;
			files = (
				D533E63C1916D7FD006AEA66 /* QuartzCore.framework in Frameworks */,
				D52E74E918C50F6E00A8B6F1 /* Cocoa.framework in Frameworks */,
			);
			runOnlyForDeploymentPostprocessing = 0;
		};
		D533F7DF18B662CB00A7FFC3 /* Frameworks */ = {
			isa = PBXFrameworksBuildPhase;
			buildActionMask = 2147483647;
			files = (
				D533E63B1916D7E2006AEA66 /* QuartzCore.framework in Frameworks */,
				D533F7E618B662CB00A7FFC3 /* Cocoa.framework in Frameworks */,
			);
			runOnlyForDeploymentPostprocessing = 0;
		};
/* End PBXFrameworksBuildPhase section */

/* Begin PBXGroup section */
		D5318A5F18BBB74A001FD6C0 /* vcs */ = {
			isa = PBXGroup;
			children = (
				D5318A6F18BC03DC001FD6C0 /* EHModify_vc.h */,
				D5318A7018BC03DC001FD6C0 /* EHModify_vc.m */,
				D5FCD4A118C1401600D7783B /* EHProgress_vc.h */,
				D5FCD4A218C1401600D7783B /* EHProgress_vc.m */,
				D5318A5C18BBB745001FD6C0 /* EHRoot_vc.h */,
				D5318A5D18BBB745001FD6C0 /* EHRoot_vc.m */,
			);
			name = vcs;
			sourceTree = "<group>";
		};
		D532973818B68B0A0028F3AA /* external */ = {
			isa = PBXGroup;
			children = (
				D532973918B68B1C0028F3AA /* ELHASO-mac-snippets */,
				D5AD7D9918BD14A1005F4865 /* RHPreferences */,
				D554514118D32E5C00BD4D7D /* seohtracker-logic */,
				D53F6D8618C7358600BBF8D5 /* SimpleCocoaGoogleAnalytics */,
			);
			name = external;
			sourceTree = "<group>";
		};
		D532973918B68B1C0028F3AA /* ELHASO-mac-snippets */ = {
			isa = PBXGroup;
			children = (
				D5E1B2BE18E39B290078A2EC /* ELHASO-types.h */,
				D5E1B2BF18E39B290078A2EC /* ELHASO.h */,
				D5E1B2C018E39B290078A2EC /* ELHASO.m */,
				D5E1B2C118E39B290078A2EC /* NSArray+ELHASO.h */,
				D5E1B2C218E39B290078A2EC /* NSArray+ELHASO.m */,
				D5E1B2C318E39B290078A2EC /* NSNotificationCenter+ELHASO.h */,
				D5E1B2C418E39B290078A2EC /* NSNotificationCenter+ELHASO.m */,
			);
			name = "ELHASO-mac-snippets";
			path = "external/ELHASO-mac-snippets";
			sourceTree = "<group>";
		};
		D533F7D918B662CB00A7FFC3 = {
			isa = PBXGroup;
			children = (
				D533F82A18B671FD00A7FFC3 /* build */,
				D532973818B68B0A0028F3AA /* external */,
				D533F82018B6653900A7FFC3 /* resources */,
				D533F81918B6650200A7FFC3 /* src */,
				D533F7E418B662CB00A7FFC3 /* Frameworks */,
				D533F7E318B662CB00A7FFC3 /* Products */,
			);
			sourceTree = "<group>";
		};
		D533F7E318B662CB00A7FFC3 /* Products */ = {
			isa = PBXGroup;
			children = (
				D533F7E218B662CB00A7FFC3 /* Seohtracker devel.app */,
				D52E74FB18C50F6E00A8B6F1 /* Seohtracker.app */,
			);
			name = Products;
			sourceTree = "<group>";
		};
		D533F7E418B662CB00A7FFC3 /* Frameworks */ = {
			isa = PBXGroup;
			children = (
				D533E63A1916D7E2006AEA66 /* QuartzCore.framework */,
				D533F7E818B662CB00A7FFC3 /* AppKit.framework */,
				D533F7EA18B662CB00A7FFC3 /* Foundation.framework */,
				D533F7E518B662CB00A7FFC3 /* Cocoa.framework */,
			);
			name = Frameworks;
			sourceTree = "<group>";
		};
		D533F81918B6650200A7FFC3 /* src */ = {
			isa = PBXGroup;
			children = (
				D58F1C18191ABD3A00DAE4F7 /* categories */,
				D5EC544E1927D07000F999CF /* preferences_vc */,
				D5318A5F18BBB74A001FD6C0 /* vcs */,
				D533F81A18B6650200A7FFC3 /* EHApp_delegate.h */,
				D533F81B18B6650200A7FFC3 /* EHApp_delegate.m */,
				D5683E4818C6390800D92F0A /* EHBannerButton.h */,
				D5683E4918C6390800D92F0A /* EHBannerButton.m */,
				D58F1C20191ABE7D00DAE4F7 /* EHGraph_scroll.h */,
				D58F1C21191ABE7D00DAE4F7 /* EHGraph_scroll.m */,
				D533F81C18B6650200A7FFC3 /* main.m */,
				D533F81D18B6650200A7FFC3 /* Seohtracker-Prefix.pch */,
			);
			path = src;
			sourceTree = "<group>";
		};
		D533F82018B6653900A7FFC3 /* resources */ = {
			isa = PBXGroup;
			children = (
				D58A7A4618BE07D30005752B /* graphics */,
				D533F82218B6658500A7FFC3 /* misc */,
				D533F82318B665AC00A7FFC3 /* plist */,
				D533F82118B6653E00A7FFC3 /* ui */,
			);
			name = resources;
			sourceTree = "<group>";
		};
		D533F82118B6653E00A7FFC3 /* ui */ = {
			isa = PBXGroup;
			children = (
				D5EC544D1927D05600F999CF /* pref */,
				D5318A7418BC0798001FD6C0 /* EHModify_vc.xib */,
				D5FCD49F18C13CA600D7783B /* EHProgress_vc.xib */,
				D5318A6018BBBEBE001FD6C0 /* EHRoot_vc.xib */,
				D533F7FA18B662CB00A7FFC3 /* MainMenu.xib */,
			);
			name = ui;
			sourceTree = "<group>";
		};
		D533F82218B6658500A7FFC3 /* misc */ = {
			isa = PBXGroup;
			children = (
				D533F7EE18B662CB00A7FFC3 /* InfoPlist.strings */,
			);
			name = misc;
			sourceTree = "<group>";
		};
		D533F82318B665AC00A7FFC3 /* plist */ = {
			isa = PBXGroup;
			children = (
				D52E74FC18C50F6E00A8B6F1 /* appstore-Info.plist */,
				D52E74FD18C5108300A8B6F1 /* appstore.entitlements */,
				D532974618B6AB330028F3AA /* devel-Info.plist */,
				D532974718B6AB330028F3AA /* devel.entitlements */,
			);
			name = plist;
			sourceTree = "<group>";
		};
		D533F82A18B671FD00A7FFC3 /* build */ = {
			isa = PBXGroup;
			children = (
				D58A7A4018BDFD390005752B /* graphics */,
				D5AD7DBB18BD5300005F4865 /* html */,
				D533F82B18B671FD00A7FFC3 /* nimcache */,
				D58A7A3D18BDECC20005752B /* Credits.html */,
				D53F6D8F18C7382F00BBF8D5 /* google_analytics_config.h */,
				D5C94B2D18BFA0EC00EF34A8 /* help_defines.h */,
				D58A7A4B18BE4A280005752B /* Seohtracker.help */,
			);
			path = build;
			sourceTree = "<group>";
		};
		D533F82B18B671FD00A7FFC3 /* nimcache */ = {
			isa = PBXGroup;
			children = (
				D5C5795F18E4E3A3003AD573 /* appstore_changes.h */,
				D50E1DD718D84E82004BF4B2 /* l_db.m */,
				D5D7BAB6191EB21D00B2AEF9 /* l_graph.m */,
				D50E1DD818D84E82004BF4B2 /* l_log.m */,
				D50E1DD918D84E82004BF4B2 /* l_main.m */,
				D50E1DDA18D84E82004BF4B2 /* l_types.m */,
				D50E1DDB18D84E82004BF4B2 /* n_global.h */,
				D50E1DDC18D84E82004BF4B2 /* n_global.m */,
				D50E1DDD18D84E82004BF4B2 /* nimbase.h */,
				D50E1DDE18D84E82004BF4B2 /* stdlib_db_sqlite.m */,
				D50E1DDF18D84E82004BF4B2 /* stdlib_lexbase.m */,
				D5D7BAB9191EB22900B2AEF9 /* stdlib_math.m */,
				D50E1DE018D84E82004BF4B2 /* stdlib_os.m */,
				D50E1DE118D84E82004BF4B2 /* stdlib_parsecsv.m */,
				D50E1DE218D84E82004BF4B2 /* stdlib_parseutils.m */,
				D50E1DE318D84E82004BF4B2 /* stdlib_posix.m */,
				D50E1DE418D84E82004BF4B2 /* stdlib_sqlite3.m */,
				D50E1DE518D84E82004BF4B2 /* stdlib_streams.m */,
				D50E1DE618D84E82004BF4B2 /* stdlib_strutils.m */,
				D50E1DE718D84E82004BF4B2 /* stdlib_system.m */,
				D50E1DE818D84E82004BF4B2 /* stdlib_times.m */,
			);
			path = nimcache;
			sourceTree = "<group>";
		};
		D53F6D8618C7358600BBF8D5 /* SimpleCocoaGoogleAnalytics */ = {
			isa = PBXGroup;
			children = (
				D53F6D8718C735A600BBF8D5 /* AnalyticsEvent.h */,
				D53F6D8818C735A600BBF8D5 /* AnalyticsEvent.m */,
				D53F6D8918C735A600BBF8D5 /* AnalyticsHelper.h */,
				D53F6D8A18C735A600BBF8D5 /* AnalyticsHelper.m */,
			);
			name = SimpleCocoaGoogleAnalytics;
			sourceTree = "<group>";
		};
		D554514118D32E5C00BD4D7D /* seohtracker-logic */ = {
			isa = PBXGroup;
			children = (
				D554514218D32E7D00BD4D7D /* objc_interface */,
			);
			name = "seohtracker-logic";
			sourceTree = "<group>";
		};
		D554514218D32E7D00BD4D7D /* objc_interface */ = {
			isa = PBXGroup;
			children = (
				D554514318D32E7D00BD4D7D /* categories */,
				D554514618D32E7D00BD4D7D /* formatters.h */,
				D554514718D32E7D00BD4D7D /* formatters.m */,
				D554514818D32E7D00BD4D7D /* n_types.h */,
				D554514C18D32E7D00BD4D7D /* SHNotifications.h */,
				D554514D18D32E7D00BD4D7D /* SHNotifications.m */,
				D554514E18D32E7D00BD4D7D /* user_config.h */,
				D554514F18D32E7D00BD4D7D /* user_config.m */,
			);
			name = objc_interface;
			path = "external/seohtracker-logic/objc_interface";
			sourceTree = "<group>";
		};
		D554514318D32E7D00BD4D7D /* categories */ = {
			isa = PBXGroup;
			children = (
				D54FDCFE18D4727E005083DB /* NSObject+seohyun.h */,
				D54FDCFF18D4727E005083DB /* NSObject+seohyun.m */,
				D554514418D32E7D00BD4D7D /* NSString+seohyun.h */,
				D554514518D32E7D00BD4D7D /* NSString+seohyun.m */,
			);
			path = categories;
			sourceTree = "<group>";
		};
		D58A7A4018BDFD390005752B /* graphics */ = {
			isa = PBXGroup;
			children = (
				D58A7A4318BE06050005752B /* devel */,
				D58A7A4118BDFD390005752B /* seohtracker.icns */,
			);
			path = graphics;
			sourceTree = "<group>";
		};
		D58A7A4318BE06050005752B /* devel */ = {
			isa = PBXGroup;
			children = (
				D58A7A4418BE06050005752B /* seohtracker.icns */,
			);
			path = devel;
			sourceTree = "<group>";
		};
		D58A7A4618BE07D30005752B /* graphics */ = {
			isa = PBXGroup;
			children = (
				D5683E4C18C6456300D92F0A /* ad_banner_0.jpg */,
				D5683E4D18C6456300D92F0A /* ad_banner_0@2x.jpg */,
				D5683E5218C6499100D92F0A /* ad_banner_1.jpg */,
				D5683E5318C6499100D92F0A /* ad_banner_1@2x.jpg */,
				D5683E5818C64DBB00D92F0A /* ad_banner_2.jpg */,
				D5683E5918C64DBB00D92F0A /* ad_banner_2@2x.jpg */,
				D5683E5E18C650DB00D92F0A /* ad_banner_3.jpg */,
				D5683E5F18C650DB00D92F0A /* ad_banner_3@2x.jpg */,
				D5683E6418C653BE00D92F0A /* ad_banner_4.jpg */,
				D5683E6518C653BE00D92F0A /* ad_banner_4@2x.jpg */,
				D58A7A4718BE07D30005752B /* contact_logo.png */,
				D58A7A4818BE07D30005752B /* contact_logo@2x.png */,
			);
			name = graphics;
			path = resources/graphics;
			sourceTree = "<group>";
		};
		D58F1C18191ABD3A00DAE4F7 /* categories */ = {
			isa = PBXGroup;
			children = (
				D58F1C1A191ABD3A00DAE4F7 /* NSBezierPath+Seohtracker.h */,
				D58F1C1B191ABD3A00DAE4F7 /* NSBezierPath+Seohtracker.m */,
			);
			path = categories;
			sourceTree = "<group>";
		};
		D5AD7D9918BD14A1005F4865 /* RHPreferences */ = {
			isa = PBXGroup;
			children = (
				D5AD7D9E18BD14A1005F4865 /* RHPreferences.h */,
				D5AD7D9F18BD14A1005F4865 /* RHPreferencesWindow.xib */,
				D5AD7DA018BD14A1005F4865 /* RHPreferencesWindowController.h */,
				D5AD7DA118BD14A1005F4865 /* RHPreferencesWindowController.m */,
			);
			name = RHPreferences;
			path = external/RHPreferences/RHPreferences;
			sourceTree = "<group>";
		};
		D5EC544D1927D05600F999CF /* pref */ = {
			isa = PBXGroup;
			children = (
				D5EC54531927D1DB00F999CF /* EHPref_tracking_vc.xib */,
				D5AD7DAB18BD4021005F4865 /* EHPref_units_vc.xib */,
			);
			name = pref;
			sourceTree = "<group>";
		};
		D5EC544E1927D07000F999CF /* preferences_vc */ = {
			isa = PBXGroup;
			children = (
				D5EC54561927D1E500F999CF /* EHPref_tracking_vc.h */,
				D5EC54571927D1E500F999CF /* EHPref_tracking_vc.m */,
				D5EC544F1927D13300F999CF /* EHPref_units_vc.h */,
				D5EC54501927D13300F999CF /* EHPref_units_vc.m */,
			);
			path = preferences_vc;
			sourceTree = "<group>";
		};
/* End PBXGroup section */

/* Begin PBXLegacyTarget section */
		D533F82418B6719800A7FFC3 /* compile nimrod */ = {
			isa = PBXLegacyTarget;
			buildArgumentsString = "$(ACTION)";
			buildConfigurationList = D533F82718B6719900A7FFC3 /* Build configuration list for PBXLegacyTarget "compile nimrod" */;
			buildPhases = (
			);
			buildToolPath = scripts/nimbuild.sh;
			buildWorkingDirectory = "$(SRCDIR)";
			dependencies = (
			);
			name = "compile nimrod";
			passBuildSettingsInEnvironment = 1;
			productName = "compile nimrod";
		};
/* End PBXLegacyTarget section */

/* Begin PBXNativeTarget section */
		D52E74C818C50F6E00A8B6F1 /* seohtracker-appstore */ = {
			isa = PBXNativeTarget;
			buildConfigurationList = D52E74F818C50F6E00A8B6F1 /* Build configuration list for PBXNativeTarget "seohtracker-appstore" */;
			buildPhases = (
				D52E74CB18C50F6E00A8B6F1 /* Sources */,
				D52E74E818C50F6E00A8B6F1 /* Frameworks */,
				D52E74EA18C50F6E00A8B6F1 /* Resources */,
			);
			buildRules = (
			);
			dependencies = (
				D52E74C918C50F6E00A8B6F1 /* PBXTargetDependency */,
			);
			name = "seohtracker-appstore";
			productName = Seohtracker;
			productReference = D52E74FB18C50F6E00A8B6F1 /* Seohtracker.app */;
			productType = "com.apple.product-type.application";
		};
		D533F7E118B662CB00A7FFC3 /* seohtracker-devel */ = {
			isa = PBXNativeTarget;
			buildConfigurationList = D533F81318B662CB00A7FFC3 /* Build configuration list for PBXNativeTarget "seohtracker-devel" */;
			buildPhases = (
				D533F7DE18B662CB00A7FFC3 /* Sources */,
				D533F7DF18B662CB00A7FFC3 /* Frameworks */,
				D533F7E018B662CB00A7FFC3 /* Resources */,
			);
			buildRules = (
			);
			dependencies = (
				D533F82918B671AF00A7FFC3 /* PBXTargetDependency */,
			);
			name = "seohtracker-devel";
			productName = Seohtracker;
			productReference = D533F7E218B662CB00A7FFC3 /* Seohtracker devel.app */;
			productType = "com.apple.product-type.application";
		};
/* End PBXNativeTarget section */

/* Begin PBXProject section */
		D533F7DA18B662CB00A7FFC3 /* Project object */ = {
			isa = PBXProject;
			attributes = {
				CLASSPREFIX = EH;
				LastUpgradeCheck = 0500;
				ORGANIZATIONNAME = "Electric Hands Software";
				TargetAttributes = {
					D533F7E118B662CB00A7FFC3 = {
						SystemCapabilities = {
							com.apple.Sandbox = {
								enabled = 1;
							};
						};
					};
				};
			};
			buildConfigurationList = D533F7DD18B662CB00A7FFC3 /* Build configuration list for PBXProject "Seohtracker" */;
			compatibilityVersion = "Xcode 3.2";
			developmentRegion = English;
			hasScannedForEncodings = 0;
			knownRegions = (
				en,
				Base,
			);
			mainGroup = D533F7D918B662CB00A7FFC3;
			productRefGroup = D533F7E318B662CB00A7FFC3 /* Products */;
			projectDirPath = "";
			projectRoot = "";
			targets = (
				D533F82418B6719800A7FFC3 /* compile nimrod */,
				D533F7E118B662CB00A7FFC3 /* seohtracker-devel */,
				D52E74C818C50F6E00A8B6F1 /* seohtracker-appstore */,
			);
		};
/* End PBXProject section */

/* Begin PBXResourcesBuildPhase section */
		D52E74EA18C50F6E00A8B6F1 /* Resources */ = {
			isa = PBXResourcesBuildPhase;
			buildActionMask = 2147483647;
			files = (
				D52E74EC18C50F6E00A8B6F1 /* EHPref_units_vc.xib in Resources */,
				D52E74ED18C50F6E00A8B6F1 /* html in Resources */,
				D52E74EE18C50F6E00A8B6F1 /* RHPreferencesWindow.xib in Resources */,
				D5683E6718C653BE00D92F0A /* ad_banner_4.jpg in Resources */,
				D52E74EF18C50F6E00A8B6F1 /* contact_logo@2x.png in Resources */,
				D52E74F018C50F6E00A8B6F1 /* InfoPlist.strings in Resources */,
				D52E74F118C50F6E00A8B6F1 /* Credits.html in Resources */,
				D5683E6118C650DB00D92F0A /* ad_banner_3.jpg in Resources */,
				D5683E6918C653BE00D92F0A /* ad_banner_4@2x.jpg in Resources */,
				D52E74F218C50F6E00A8B6F1 /* EHRoot_vc.xib in Resources */,
				D5683E4F18C6456300D92F0A /* ad_banner_0.jpg in Resources */,
				D5683E5518C6499100D92F0A /* ad_banner_1.jpg in Resources */,
				D52E74FE18C512A200A8B6F1 /* seohtracker.icns in Resources */,
				D52E74F318C50F6E00A8B6F1 /* contact_logo.png in Resources */,
				D5683E5718C6499100D92F0A /* ad_banner_1@2x.jpg in Resources */,
				D5683E6318C650DB00D92F0A /* ad_banner_3@2x.jpg in Resources */,
				D5683E5118C6456300D92F0A /* ad_banner_0@2x.jpg in Resources */,
				D5683E5B18C64DBB00D92F0A /* ad_banner_2.jpg in Resources */,
				D52E74F418C50F6E00A8B6F1 /* EHModify_vc.xib in Resources */,
				D5EC54551927D1DB00F999CF /* EHPref_tracking_vc.xib in Resources */,
				D52E74F518C50F6E00A8B6F1 /* Seohtracker.help in Resources */,
				D52E74F618C50F6E00A8B6F1 /* EHProgress_vc.xib in Resources */,
				D5683E5D18C64DBB00D92F0A /* ad_banner_2@2x.jpg in Resources */,
				D52E74F718C50F6E00A8B6F1 /* MainMenu.xib in Resources */,
			);
			runOnlyForDeploymentPostprocessing = 0;
		};
		D533F7E018B662CB00A7FFC3 /* Resources */ = {
			isa = PBXResourcesBuildPhase;
			buildActionMask = 2147483647;
			files = (
				D58A7A4518BE06050005752B /* seohtracker.icns in Resources */,
				D5AD7DAC18BD4021005F4865 /* EHPref_units_vc.xib in Resources */,
				D5AD7DBC18BD5300005F4865 /* html in Resources */,
				D5683E6618C653BE00D92F0A /* ad_banner_4.jpg in Resources */,
				D5AD7DA418BD14A1005F4865 /* RHPreferencesWindow.xib in Resources */,
				D58A7A4A18BE07D30005752B /* contact_logo@2x.png in Resources */,
				D533F7F018B662CB00A7FFC3 /* InfoPlist.strings in Resources */,
				D5683E6018C650DB00D92F0A /* ad_banner_3.jpg in Resources */,
				D5683E6818C653BE00D92F0A /* ad_banner_4@2x.jpg in Resources */,
				D58A7A3E18BDECC20005752B /* Credits.html in Resources */,
				D5683E4E18C6456300D92F0A /* ad_banner_0.jpg in Resources */,
				D5683E5418C6499100D92F0A /* ad_banner_1.jpg in Resources */,
				D5318A6118BBBEBE001FD6C0 /* EHRoot_vc.xib in Resources */,
				D58A7A4918BE07D30005752B /* contact_logo.png in Resources */,
				D5683E5618C6499100D92F0A /* ad_banner_1@2x.jpg in Resources */,
				D5683E6218C650DB00D92F0A /* ad_banner_3@2x.jpg in Resources */,
				D5683E5018C6456300D92F0A /* ad_banner_0@2x.jpg in Resources */,
				D5683E5A18C64DBB00D92F0A /* ad_banner_2.jpg in Resources */,
				D5318A7518BC0798001FD6C0 /* EHModify_vc.xib in Resources */,
				D5EC54541927D1DB00F999CF /* EHPref_tracking_vc.xib in Resources */,
				D58A7A4C18BE4A280005752B /* Seohtracker.help in Resources */,
				D5FCD4A018C13CA600D7783B /* EHProgress_vc.xib in Resources */,
				D5683E5C18C64DBB00D92F0A /* ad_banner_2@2x.jpg in Resources */,
				D533F7FC18B662CB00A7FFC3 /* MainMenu.xib in Resources */,
			);
			runOnlyForDeploymentPostprocessing = 0;
		};
/* End PBXResourcesBuildPhase section */

/* Begin PBXSourcesBuildPhase section */
		D52E74CB18C50F6E00A8B6F1 /* Sources */ = {
			isa = PBXSourcesBuildPhase;
			buildActionMask = 2147483647;
			files = (
				D52E74CD18C50F6E00A8B6F1 /* EHApp_delegate.m in Sources */,
				D554515B18D32E7D00BD4D7D /* user_config.m in Sources */,
				D53F6D8E18C735A600BBF8D5 /* AnalyticsHelper.m in Sources */,
				D5D7BAB8191EB21D00B2AEF9 /* l_graph.m in Sources */,
				D53F6D8C18C735A600BBF8D5 /* AnalyticsEvent.m in Sources */,
				D58F1C23191ABE7D00DAE4F7 /* EHGraph_scroll.m in Sources */,
				D5E1B2C818E39B290078A2EC /* NSArray+ELHASO.m in Sources */,
				D50E1DF618D84E82004BF4B2 /* stdlib_lexbase.m in Sources */,
				D58F1C1F191ABD3A00DAE4F7 /* NSBezierPath+Seohtracker.m in Sources */,
				D50E1DFA18D84E82004BF4B2 /* stdlib_parsecsv.m in Sources */,
				D50E1DF418D84E82004BF4B2 /* stdlib_db_sqlite.m in Sources */,
				D5D7BABB191EB22900B2AEF9 /* stdlib_math.m in Sources */,
				D50E1E0218D84E82004BF4B2 /* stdlib_streams.m in Sources */,
				D52E74D418C50F6E00A8B6F1 /* RHPreferencesWindowController.m in Sources */,
				D50E1E0018D84E82004BF4B2 /* stdlib_sqlite3.m in Sources */,
				D50E1DFE18D84E82004BF4B2 /* stdlib_posix.m in Sources */,
				D5EC54591927D1E600F999CF /* EHPref_tracking_vc.m in Sources */,
				D50E1E0818D84E82004BF4B2 /* stdlib_times.m in Sources */,
				D52E74D718C50F6E00A8B6F1 /* EHRoot_vc.m in Sources */,
				D54FDD0118D4727E005083DB /* NSObject+seohyun.m in Sources */,
				D554515318D32E7D00BD4D7D /* formatters.m in Sources */,
				D52E74D918C50F6E00A8B6F1 /* main.m in Sources */,
				D50E1DEA18D84E82004BF4B2 /* l_db.m in Sources */,
				D52E74DC18C50F6E00A8B6F1 /* EHProgress_vc.m in Sources */,
				D5683E4B18C6390800D92F0A /* EHBannerButton.m in Sources */,
				D50E1DEE18D84E82004BF4B2 /* l_main.m in Sources */,
				D50E1DF818D84E82004BF4B2 /* stdlib_os.m in Sources */,
				D50E1DFC18D84E82004BF4B2 /* stdlib_parseutils.m in Sources */,
				D50E1E0418D84E82004BF4B2 /* stdlib_strutils.m in Sources */,
				D5E1B2CA18E39B290078A2EC /* NSNotificationCenter+ELHASO.m in Sources */,
				D52E74E318C50F6E00A8B6F1 /* EHModify_vc.m in Sources */,
				D554515118D32E7D00BD4D7D /* NSString+seohyun.m in Sources */,
				D554515918D32E7D00BD4D7D /* SHNotifications.m in Sources */,
				D50E1E0618D84E82004BF4B2 /* stdlib_system.m in Sources */,
				D50E1DF018D84E82004BF4B2 /* l_types.m in Sources */,
				D5EC54521927D13300F999CF /* EHPref_units_vc.m in Sources */,
				D50E1DF218D84E82004BF4B2 /* n_global.m in Sources */,
				D50E1DEC18D84E82004BF4B2 /* l_log.m in Sources */,
				D5E1B2C618E39B290078A2EC /* ELHASO.m in Sources */,
			);
			runOnlyForDeploymentPostprocessing = 0;
		};
		D533F7DE18B662CB00A7FFC3 /* Sources */ = {
			isa = PBXSourcesBuildPhase;
			buildActionMask = 2147483647;
			files = (
				D533F81E18B6650200A7FFC3 /* EHApp_delegate.m in Sources */,
				D554515A18D32E7D00BD4D7D /* user_config.m in Sources */,
				D53F6D8D18C735A600BBF8D5 /* AnalyticsHelper.m in Sources */,
				D5D7BAB7191EB21D00B2AEF9 /* l_graph.m in Sources */,
				D53F6D8B18C735A600BBF8D5 /* AnalyticsEvent.m in Sources */,
				D58F1C22191ABE7D00DAE4F7 /* EHGraph_scroll.m in Sources */,
				D5E1B2C718E39B290078A2EC /* NSArray+ELHASO.m in Sources */,
				D50E1DF518D84E82004BF4B2 /* stdlib_lexbase.m in Sources */,
				D58F1C1E191ABD3A00DAE4F7 /* NSBezierPath+Seohtracker.m in Sources */,
				D50E1DF918D84E82004BF4B2 /* stdlib_parsecsv.m in Sources */,
				D50E1DF318D84E82004BF4B2 /* stdlib_db_sqlite.m in Sources */,
				D5D7BABA191EB22900B2AEF9 /* stdlib_math.m in Sources */,
				D50E1E0118D84E82004BF4B2 /* stdlib_streams.m in Sources */,
				D5AD7DA518BD14A1005F4865 /* RHPreferencesWindowController.m in Sources */,
				D50E1DFF18D84E82004BF4B2 /* stdlib_sqlite3.m in Sources */,
				D50E1DFD18D84E82004BF4B2 /* stdlib_posix.m in Sources */,
				D5EC54581927D1E600F999CF /* EHPref_tracking_vc.m in Sources */,
				D50E1E0718D84E82004BF4B2 /* stdlib_times.m in Sources */,
				D5318A5E18BBB745001FD6C0 /* EHRoot_vc.m in Sources */,
				D54FDD0018D4727E005083DB /* NSObject+seohyun.m in Sources */,
				D554515218D32E7D00BD4D7D /* formatters.m in Sources */,
				D533F81F18B6650200A7FFC3 /* main.m in Sources */,
				D50E1DE918D84E82004BF4B2 /* l_db.m in Sources */,
				D5FCD4A318C1401600D7783B /* EHProgress_vc.m in Sources */,
				D5683E4A18C6390800D92F0A /* EHBannerButton.m in Sources */,
				D50E1DED18D84E82004BF4B2 /* l_main.m in Sources */,
				D50E1DF718D84E82004BF4B2 /* stdlib_os.m in Sources */,
				D50E1DFB18D84E82004BF4B2 /* stdlib_parseutils.m in Sources */,
				D50E1E0318D84E82004BF4B2 /* stdlib_strutils.m in Sources */,
				D5E1B2C918E39B290078A2EC /* NSNotificationCenter+ELHASO.m in Sources */,
				D5318A7218BC03DC001FD6C0 /* EHModify_vc.m in Sources */,
				D554515018D32E7D00BD4D7D /* NSString+seohyun.m in Sources */,
				D554515818D32E7D00BD4D7D /* SHNotifications.m in Sources */,
				D50E1E0518D84E82004BF4B2 /* stdlib_system.m in Sources */,
				D50E1DEF18D84E82004BF4B2 /* l_types.m in Sources */,
				D5EC54511927D13300F999CF /* EHPref_units_vc.m in Sources */,
				D50E1DF118D84E82004BF4B2 /* n_global.m in Sources */,
				D50E1DEB18D84E82004BF4B2 /* l_log.m in Sources */,
				D5E1B2C518E39B290078A2EC /* ELHASO.m in Sources */,
			);
			runOnlyForDeploymentPostprocessing = 0;
		};
/* End PBXSourcesBuildPhase section */

/* Begin PBXTargetDependency section */
		D52E74C918C50F6E00A8B6F1 /* PBXTargetDependency */ = {
			isa = PBXTargetDependency;
			target = D533F82418B6719800A7FFC3 /* compile nimrod */;
			targetProxy = D52E74CA18C50F6E00A8B6F1 /* PBXContainerItemProxy */;
		};
		D533F82918B671AF00A7FFC3 /* PBXTargetDependency */ = {
			isa = PBXTargetDependency;
			target = D533F82418B6719800A7FFC3 /* compile nimrod */;
			targetProxy = D533F82818B671AF00A7FFC3 /* PBXContainerItemProxy */;
		};
/* End PBXTargetDependency section */

/* Begin PBXVariantGroup section */
		D533F7EE18B662CB00A7FFC3 /* InfoPlist.strings */ = {
			isa = PBXVariantGroup;
			children = (
				D533F7EF18B662CB00A7FFC3 /* en */,
			);
			name = InfoPlist.strings;
			path = resources/misc;
			sourceTree = "<group>";
		};
		D533F7FA18B662CB00A7FFC3 /* MainMenu.xib */ = {
			isa = PBXVariantGroup;
			children = (
				D533F7FB18B662CB00A7FFC3 /* Base */,
			);
			name = MainMenu.xib;
			path = resources/ui;
			sourceTree = "<group>";
		};
/* End PBXVariantGroup section */

/* Begin XCBuildConfiguration section */
		D52E74F918C50F6E00A8B6F1 /* Debug */ = {
			isa = XCBuildConfiguration;
			buildSettings = {
				CODE_SIGN_ENTITLEMENTS = resources/plist/devel.entitlements;
				CODE_SIGN_IDENTITY = "Mac Developer";
				GCC_PRECOMPILE_PREFIX_HEADER = YES;
				GCC_PREFIX_HEADER = "src/Seohtracker-Prefix.pch";
				GCC_PREPROCESSOR_DEFINITIONS = (
					"$(inherited)",
					APPSTORE,
				);
				INFOPLIST_FILE = "resources/plist/appstore-Info.plist";
				MACOSX_DEPLOYMENT_TARGET = 10.8;
				PRODUCT_NAME = Seohtracker;
				WRAPPER_EXTENSION = app;
			};
			name = Debug;
		};
		D52E74FA18C50F6E00A8B6F1 /* Release */ = {
			isa = XCBuildConfiguration;
			buildSettings = {
				CODE_SIGN_ENTITLEMENTS = resources/plist/devel.entitlements;
				CODE_SIGN_IDENTITY = "3rd Party Mac Developer Application";
				GCC_PRECOMPILE_PREFIX_HEADER = YES;
				GCC_PREFIX_HEADER = "src/Seohtracker-Prefix.pch";
				GCC_PREPROCESSOR_DEFINITIONS = (
					APPSTORE,
					"$(inherited)",
				);
				INFOPLIST_FILE = "resources/plist/appstore-Info.plist";
				MACOSX_DEPLOYMENT_TARGET = 10.8;
				PRODUCT_NAME = Seohtracker;
				WRAPPER_EXTENSION = app;
			};
			name = Release;
		};
		D533F81118B662CB00A7FFC3 /* Debug */ = {
			isa = XCBuildConfiguration;
			buildSettings = {
				ALWAYS_SEARCH_USER_PATHS = NO;
				CLANG_CXX_LANGUAGE_STANDARD = "gnu++0x";
				CLANG_CXX_LIBRARY = "libc++";
				CLANG_ENABLE_OBJC_ARC = YES;
				CLANG_WARN_BOOL_CONVERSION = YES;
				CLANG_WARN_CONSTANT_CONVERSION = YES;
				CLANG_WARN_DIRECT_OBJC_ISA_USAGE = YES_ERROR;
				CLANG_WARN_EMPTY_BODY = YES;
				CLANG_WARN_ENUM_CONVERSION = YES;
				CLANG_WARN_INT_CONVERSION = YES;
				CLANG_WARN_OBJC_ROOT_CLASS = YES_ERROR;
				CLANG_WARN__DUPLICATE_METHOD_MATCH = YES;
				COPY_PHASE_STRIP = NO;
				GCC_C_LANGUAGE_STANDARD = gnu99;
				GCC_DYNAMIC_NO_PIC = NO;
				GCC_ENABLE_OBJC_EXCEPTIONS = YES;
				GCC_OPTIMIZATION_LEVEL = 0;
				GCC_PREPROCESSOR_DEFINITIONS = (
					"DEBUG=1",
					"$(inherited)",
				);
				GCC_SYMBOLS_PRIVATE_EXTERN = NO;
				GCC_WARN_64_TO_32_BIT_CONVERSION = YES;
				GCC_WARN_ABOUT_RETURN_TYPE = YES_ERROR;
				GCC_WARN_UNDECLARED_SELECTOR = YES;
				GCC_WARN_UNINITIALIZED_AUTOS = YES;
				GCC_WARN_UNUSED_FUNCTION = YES;
				GCC_WARN_UNUSED_VARIABLE = YES;
				HEADER_SEARCH_PATHS = (
					"$(inherited)",
					/Applications/Xcode.app/Contents/Developer/Toolchains/XcodeDefault.xctoolchain/usr/include,
					"external/seohtracker-logic/objc_interface",
				);
				MACOSX_DEPLOYMENT_TARGET = 10.8;
				ONLY_ACTIVE_ARCH = YES;
				SDKROOT = macosx;
			};
			name = Debug;
		};
		D533F81218B662CB00A7FFC3 /* Release */ = {
			isa = XCBuildConfiguration;
			buildSettings = {
				ALWAYS_SEARCH_USER_PATHS = NO;
				CLANG_CXX_LANGUAGE_STANDARD = "gnu++0x";
				CLANG_CXX_LIBRARY = "libc++";
				CLANG_ENABLE_OBJC_ARC = YES;
				CLANG_WARN_BOOL_CONVERSION = YES;
				CLANG_WARN_CONSTANT_CONVERSION = YES;
				CLANG_WARN_DIRECT_OBJC_ISA_USAGE = YES_ERROR;
				CLANG_WARN_EMPTY_BODY = YES;
				CLANG_WARN_ENUM_CONVERSION = YES;
				CLANG_WARN_INT_CONVERSION = YES;
				CLANG_WARN_OBJC_ROOT_CLASS = YES_ERROR;
				CLANG_WARN__DUPLICATE_METHOD_MATCH = YES;
				COPY_PHASE_STRIP = YES;
				DEBUG_INFORMATION_FORMAT = "dwarf-with-dsym";
				ENABLE_NS_ASSERTIONS = NO;
				GCC_C_LANGUAGE_STANDARD = gnu99;
				GCC_ENABLE_OBJC_EXCEPTIONS = YES;
				GCC_PREPROCESSOR_DEFINITIONS = (
					NS_BLOCK_ASSERTIONS,
					RELEASE,
					NDEBUG,
				);
				GCC_WARN_64_TO_32_BIT_CONVERSION = YES;
				GCC_WARN_ABOUT_RETURN_TYPE = YES_ERROR;
				GCC_WARN_UNDECLARED_SELECTOR = YES;
				GCC_WARN_UNINITIALIZED_AUTOS = YES;
				GCC_WARN_UNUSED_FUNCTION = YES;
				GCC_WARN_UNUSED_VARIABLE = YES;
				HEADER_SEARCH_PATHS = (
					"$(inherited)",
					/Applications/Xcode.app/Contents/Developer/Toolchains/XcodeDefault.xctoolchain/usr/include,
					"external/seohtracker-logic/objc_interface",
				);
				MACOSX_DEPLOYMENT_TARGET = 10.8;
				SDKROOT = macosx;
			};
			name = Release;
		};
		D533F81418B662CB00A7FFC3 /* Debug */ = {
			isa = XCBuildConfiguration;
			buildSettings = {
				CODE_SIGN_ENTITLEMENTS = resources/plist/devel.entitlements;
				CODE_SIGN_IDENTITY = "Mac Developer";
				GCC_PRECOMPILE_PREFIX_HEADER = YES;
				GCC_PREFIX_HEADER = "src/Seohtracker-Prefix.pch";
				INFOPLIST_FILE = "resources/plist/devel-Info.plist";
				MACOSX_DEPLOYMENT_TARGET = 10.8;
				PRODUCT_NAME = "Seohtracker devel";
				WRAPPER_EXTENSION = app;
			};
			name = Debug;
		};
		D533F81518B662CB00A7FFC3 /* Release */ = {
			isa = XCBuildConfiguration;
			buildSettings = {
				CODE_SIGN_ENTITLEMENTS = resources/plist/devel.entitlements;
				CODE_SIGN_IDENTITY = "Mac Developer";
				GCC_PRECOMPILE_PREFIX_HEADER = YES;
				GCC_PREFIX_HEADER = "src/Seohtracker-Prefix.pch";
				INFOPLIST_FILE = "resources/plist/devel-Info.plist";
				MACOSX_DEPLOYMENT_TARGET = 10.8;
				PRODUCT_NAME = "Seohtracker devel";
				WRAPPER_EXTENSION = app;
			};
			name = Release;
		};
		D533F82518B6719900A7FFC3 /* Debug */ = {
			isa = XCBuildConfiguration;
			buildSettings = {
				DEBUGGING_SYMBOLS = YES;
				GCC_GENERATE_DEBUGGING_SYMBOLS = YES;
				GCC_OPTIMIZATION_LEVEL = 0;
				GCC_PREPROCESSOR_DEFINITIONS = (
					"DEBUG=1",
					"$(inherited)",
				);
				OTHER_CFLAGS = "";
				OTHER_LDFLAGS = "";
				PRODUCT_NAME = "$(TARGET_NAME)";
			};
			name = Debug;
		};
		D533F82618B6719900A7FFC3 /* Release */ = {
			isa = XCBuildConfiguration;
			buildSettings = {
				OTHER_CFLAGS = "";
				OTHER_LDFLAGS = "";
				PRODUCT_NAME = "$(TARGET_NAME)";
			};
			name = Release;
		};
/* End XCBuildConfiguration section */

/* Begin XCConfigurationList section */
		D52E74F818C50F6E00A8B6F1 /* Build configuration list for PBXNativeTarget "seohtracker-appstore" */ = {
			isa = XCConfigurationList;
			buildConfigurations = (
				D52E74F918C50F6E00A8B6F1 /* Debug */,
				D52E74FA18C50F6E00A8B6F1 /* Release */,
			);
			defaultConfigurationIsVisible = 0;
			defaultConfigurationName = Release;
		};
		D533F7DD18B662CB00A7FFC3 /* Build configuration list for PBXProject "Seohtracker" */ = {
			isa = XCConfigurationList;
			buildConfigurations = (
				D533F81118B662CB00A7FFC3 /* Debug */,
				D533F81218B662CB00A7FFC3 /* Release */,
			);
			defaultConfigurationIsVisible = 0;
			defaultConfigurationName = Release;
		};
		D533F81318B662CB00A7FFC3 /* Build configuration list for PBXNativeTarget "seohtracker-devel" */ = {
			isa = XCConfigurationList;
			buildConfigurations = (
				D533F81418B662CB00A7FFC3 /* Debug */,
				D533F81518B662CB00A7FFC3 /* Release */,
			);
			defaultConfigurationIsVisible = 0;
			defaultConfigurationName = Release;
		};
		D533F82718B6719900A7FFC3 /* Build configuration list for PBXLegacyTarget "compile nimrod" */ = {
			isa = XCConfigurationList;
			buildConfigurations = (
				D533F82518B6719900A7FFC3 /* Debug */,
				D533F82618B6719900A7FFC3 /* Release */,
			);
			defaultConfigurationIsVisible = 0;
			defaultConfigurationName = Release;
		};
/* End XCConfigurationList section */
	};
	rootObject = D533F7DA18B662CB00A7FFC3 /* Project object */;
}
